
Microsoft Visual Studio Solution File, Format Version 12.00
# Visual Studio Version 16
VisualStudioVersion = 16.0.31321.278
MinimumVisualStudioVersion = 10.0.40219.1
Project("{9A19103F-16F7-4668-BE54-9A1E7A4F7556}") = "Game", "Game\Game.csproj", "{4F007F89-E526-44BA-919D-4BB0ADC5E606}"
EndProject
Project("{FAE04EC0-301F-11D3-BF4B-00C04F79EFBC}") = "GameTest", "GameTest\GameTest.csproj", "{BF9A1A17-D69F-47F4-9B23-D9F4DA9BD6F2}"
EndProject
Global
	GlobalSection(SolutionConfigurationPlatforms) = preSolution
		Debug|Any CPU = Debug|Any CPU
		Release|Any CPU = Release|Any CPU
	EndGlobalSection
	GlobalSection(ProjectConfigurationPlatforms) = postSolution
		{4F007F89-E526-44BA-919D-4BB0ADC5E606}.Debug|Any CPU.ActiveCfg = Debug|Any CPU
		{4F007F89-E526-44BA-919D-4BB0ADC5E606}.Debug|Any CPU.Build.0 = Debug|Any CPU
		{4F007F89-E526-44BA-919D-4BB0ADC5E606}.Release|Any CPU.ActiveCfg = Release|Any CPU
		{4F007F89-E526-44BA-919D-4BB0ADC5E606}.Release|Any CPU.Build.0 = Release|Any CPU
		{BF9A1A17-D69F-47F4-9B23-D9F4DA9BD6F2}.Debug|Any CPU.ActiveCfg = Debug|Any CPU
		{BF9A1A17-D69F-47F4-9B23-D9F4DA9BD6F2}.Debug|Any CPU.Build.0 = Debug|Any CPU
		{BF9A1A17-D69F-47F4-9B23-D9F4DA9BD6F2}.Release|Any CPU.ActiveCfg = Release|Any CPU
		{BF9A1A17-D69F-47F4-9B23-D9F4DA9BD6F2}.Release|Any CPU.Build.0 = Release|Any CPU
	EndGlobalSection
	GlobalSection(SolutionProperties) = preSolution
		HideSolutionNode = FALSE
	EndGlobalSection
	GlobalSection(ExtensibilityGlobals) = postSolution
		SolutionGuid = {D36F06A2-08F8-4AC0-A041-4F96BB5A805D}
	EndGlobalSection
EndGlobal
